
Microsoft Visual Studio Solution File, Format Version 12.00
# Visual Studio Version 16
VisualStudioVersion = 16.0.29613.14
MinimumVisualStudioVersion = 10.0.40219.1
Project("{FAE04EC0-301F-11D3-BF4B-00C04F79EFBC}") = "Zeus", "Zeus\Zeus.csproj", "{0B9EB7C3-9BCD-41AD-8AD4-D22CE9D0A814}"
EndProject
Global
	GlobalSection(SolutionConfigurationPlatforms) = preSolution
		Debug|Any CPU = Debug|Any CPU
		Release|Any CPU = Release|Any CPU
	EndGlobalSection
	GlobalSection(ProjectConfigurationPlatforms) = postSolution
		{0B9EB7C3-9BCD-41AD-8AD4-D22CE9D0A814}.Debug|Any CPU.ActiveCfg = Debug|Any CPU
		{0B9EB7C3-9BCD-41AD-8AD4-D22CE9D0A814}.Debug|Any CPU.Build.0 = Debug|Any CPU
		{0B9EB7C3-9BCD-41AD-8AD4-D22CE9D0A814}.Release|Any CPU.ActiveCfg = Release|Any CPU
		{0B9EB7C3-9BCD-41AD-8AD4-D22CE9D0A814}.Release|Any CPU.Build.0 = Release|Any CPU
	EndGlobalSection
	GlobalSection(SolutionProperties) = preSolution
		HideSolutionNode = FALSE
	EndGlobalSection
	GlobalSection(ExtensibilityGlobals) = postSolution
		SolutionGuid = {FFC78A25-7597-4A9C-BA15-48165D2F1209}
	EndGlobalSection
EndGlobal
